
Microsoft Visual Studio Solution File, Format Version 12.00
# Visual Studio 15
VisualStudioVersion = 15.0.28010.2016
MinimumVisualStudioVersion = 10.0.40219.1
Project("{8BC9CEB8-8B4A-11D0-8D11-00A0C91BC942}") = "ppt1819_practica2_g07", "ppt1819_practica2_g07\ppt1819_practica2_g07.vcxproj", "{C45C0744-8A79-4D1E-B9CF-41E7457F6114}"
EndProject
Global
	GlobalSection(SolutionConfigurationPlatforms) = preSolution
		Debug|x64 = Debug|x64
		Debug|x86 = Debug|x86
		Release|x64 = Release|x64
		Release|x86 = Release|x86
	EndGlobalSection
	GlobalSection(ProjectConfigurationPlatforms) = postSolution
		{C45C0744-8A79-4D1E-B9CF-41E7457F6114}.Debug|x64.ActiveCfg = Debug|x64
		{C45C0744-8A79-4D1E-B9CF-41E7457F6114}.Debug|x64.Build.0 = Debug|x64
		{C45C0744-8A79-4D1E-B9CF-41E7457F6114}.Debug|x86.ActiveCfg = Debug|Win32
		{C45C0744-8A79-4D1E-B9CF-41E7457F6114}.Debug|x86.Build.0 = Debug|Win32
		{C45C0744-8A79-4D1E-B9CF-41E7457F6114}.Release|x64.ActiveCfg = Release|x64
		{C45C0744-8A79-4D1E-B9CF-41E7457F6114}.Release|x64.Build.0 = Release|x64
		{C45C0744-8A79-4D1E-B9CF-41E7457F6114}.Release|x86.ActiveCfg = Release|Win32
		{C45C0744-8A79-4D1E-B9CF-41E7457F6114}.Release|x86.Build.0 = Release|Win32
	EndGlobalSection
	GlobalSection(SolutionProperties) = preSolution
		HideSolutionNode = FALSE
	EndGlobalSection
	GlobalSection(ExtensibilityGlobals) = postSolution
		SolutionGuid = {0DE4A6AC-25FC-4217-A473-CB4130F9FE40}
	EndGlobalSection
EndGlobal
